{
  "nodes": {
    "nixpkgs": {
      "locked": {
        "lastModified": 1712439257,
        "narHash": "sha256-aSpiNepFOMk9932HOax0XwNxbA38GOUVOiXfUVPOrck=",
        "owner": "nixos",
        "repo": "nixpkgs",
        "rev": "ff0dbd94265ac470dda06a657d5fe49de93b4599",
        "type": "github"
      },
      "original": {
        "owner": "nixos",
        "ref": "nixos-unstable",
        "repo": "nixpkgs",
        "type": "github"
      }
    },
    "oldpkgs": {
      "locked": {
        "lastModified": 1631725679,
        "narHash": "sha256-EXFxVj4rN3IN8o6OSipUH2JczePbRkkUvF+ZMan9xm4=",
        "owner": "nixos",
        "repo": "nixpkgs",
        "rev": "2bb5cbf7f8b99a8d1d6646abe5ab993f6823212f",
        "type": "github"
      },
      "original": {
        "owner": "nixos",
        "repo": "nixpkgs",
        "rev": "2bb5cbf7f8b99a8d1d6646abe5ab993f6823212f",
        "type": "github"
      }
    },
    "root": {
      "inputs": {
        "nixpkgs": "nixpkgs",
        "oldpkgs": "oldpkgs"
      }
    }
  },
  "root": "root",
  "version": 7
}
